
Microsoft Visual Studio Solution File, Format Version 12.00
# Visual Studio 14
VisualStudioVersion = 14.0.25420.1
MinimumVisualStudioVersion = 10.0.40219.1
Project("{FAE04EC0-301F-11D3-BF4B-00C04F79EFBC}") = "ConsoleApplication1", "ConsoleApplication1\ConsoleApplication1.csproj", "{89FC933F-393E-4201-B5D7-D61ED9BCF110}"
EndProject
Project("{FAE04EC0-301F-11D3-BF4B-00C04F79EFBC}") = "Base", "Base\Base.csproj", "{874C21A4-9CD7-4B2B-9AED-02F4A92558C9}"
EndProject
Project("{FAE04EC0-301F-11D3-BF4B-00C04F79EFBC}") = "Networking", "Networking\Networking.csproj", "{F8918D2F-5C2B-402B-B1C5-C728053CB257}"
EndProject
Project("{FAE04EC0-301F-11D3-BF4B-00C04F79EFBC}") = "Extraction", "Extraction\Extraction.csproj", "{C19B5778-95DB-45B2-B606-152EE29DA460}"
EndProject
Global
	GlobalSection(SolutionConfigurationPlatforms) = preSolution
		Debug|Any CPU = Debug|Any CPU
		Release|Any CPU = Release|Any CPU
	EndGlobalSection
	GlobalSection(ProjectConfigurationPlatforms) = postSolution
		{89FC933F-393E-4201-B5D7-D61ED9BCF110}.Debug|Any CPU.ActiveCfg = Debug|Any CPU
		{89FC933F-393E-4201-B5D7-D61ED9BCF110}.Debug|Any CPU.Build.0 = Debug|Any CPU
		{89FC933F-393E-4201-B5D7-D61ED9BCF110}.Release|Any CPU.ActiveCfg = Release|Any CPU
		{89FC933F-393E-4201-B5D7-D61ED9BCF110}.Release|Any CPU.Build.0 = Release|Any CPU
		{874C21A4-9CD7-4B2B-9AED-02F4A92558C9}.Debug|Any CPU.ActiveCfg = Debug|Any CPU
		{874C21A4-9CD7-4B2B-9AED-02F4A92558C9}.Debug|Any CPU.Build.0 = Debug|Any CPU
		{874C21A4-9CD7-4B2B-9AED-02F4A92558C9}.Release|Any CPU.ActiveCfg = Release|Any CPU
		{874C21A4-9CD7-4B2B-9AED-02F4A92558C9}.Release|Any CPU.Build.0 = Release|Any CPU
		{F8918D2F-5C2B-402B-B1C5-C728053CB257}.Debug|Any CPU.ActiveCfg = Debug|Any CPU
		{F8918D2F-5C2B-402B-B1C5-C728053CB257}.Debug|Any CPU.Build.0 = Debug|Any CPU
		{F8918D2F-5C2B-402B-B1C5-C728053CB257}.Release|Any CPU.ActiveCfg = Release|Any CPU
		{F8918D2F-5C2B-402B-B1C5-C728053CB257}.Release|Any CPU.Build.0 = Release|Any CPU
		{C19B5778-95DB-45B2-B606-152EE29DA460}.Debug|Any CPU.ActiveCfg = Debug|Any CPU
		{C19B5778-95DB-45B2-B606-152EE29DA460}.Debug|Any CPU.Build.0 = Debug|Any CPU
		{C19B5778-95DB-45B2-B606-152EE29DA460}.Release|Any CPU.ActiveCfg = Release|Any CPU
		{C19B5778-95DB-45B2-B606-152EE29DA460}.Release|Any CPU.Build.0 = Release|Any CPU
	EndGlobalSection
	GlobalSection(SolutionProperties) = preSolution
		HideSolutionNode = FALSE
	EndGlobalSection
EndGlobal
